
Microsoft Visual Studio Solution File, Format Version 12.00
# Visual Studio Version 17
VisualStudioVersion = 17.11.35303.130
MinimumVisualStudioVersion = 10.0.40219.1
Project("{FAE04EC0-301F-11D3-BF4B-00C04F79EFBC}") = "MyFirstWebApplication", "MyFirstWebApplication\MyFirstWebApplication.csproj", "{D0B2B4ED-8978-4659-B93D-4CE6C65B1653}"
EndProject
Global
	GlobalSection(SolutionConfigurationPlatforms) = preSolution
		Debug|Any CPU = Debug|Any CPU
		Release|Any CPU = Release|Any CPU
	EndGlobalSection
	GlobalSection(ProjectConfigurationPlatforms) = postSolution
		{D0B2B4ED-8978-4659-B93D-4CE6C65B1653}.Debug|Any CPU.ActiveCfg = Debug|Any CPU
		{D0B2B4ED-8978-4659-B93D-4CE6C65B1653}.Debug|Any CPU.Build.0 = Debug|Any CPU
		{D0B2B4ED-8978-4659-B93D-4CE6C65B1653}.Release|Any CPU.ActiveCfg = Release|Any CPU
		{D0B2B4ED-8978-4659-B93D-4CE6C65B1653}.Release|Any CPU.Build.0 = Release|Any CPU
	EndGlobalSection
	GlobalSection(SolutionProperties) = preSolution
		HideSolutionNode = FALSE
	EndGlobalSection
	GlobalSection(ExtensibilityGlobals) = postSolution
		SolutionGuid = {AA57D917-E57D-4897-89A7-67C161CFB54F}
	EndGlobalSection
EndGlobal
